
Microsoft Visual Studio Solution File, Format Version 12.00
# Visual Studio 15
VisualStudioVersion = 15.0.27703.2018
MinimumVisualStudioVersion = 10.0.40219.1
Project("{9A19103F-16F7-4668-BE54-9A1E7A4F7556}") = "NeoPixelServer", "NeoPixelServer\NeoPixelServer.csproj", "{13F95464-D53F-433E-B8CC-7BB7E044A9E4}"
EndProject
Project("{9A19103F-16F7-4668-BE54-9A1E7A4F7556}") = "NeoPixelController", "NeoPixelController\NeoPixelController.csproj", "{F4A89561-644C-4198-8E76-73047F61D352}"
EndProject
Global
	GlobalSection(SolutionConfigurationPlatforms) = preSolution
		Debug|Any CPU = Debug|Any CPU
		Release|Any CPU = Release|Any CPU
	EndGlobalSection
	GlobalSection(ProjectConfigurationPlatforms) = postSolution
		{13F95464-D53F-433E-B8CC-7BB7E044A9E4}.Debug|Any CPU.ActiveCfg = Debug|Any CPU
		{13F95464-D53F-433E-B8CC-7BB7E044A9E4}.Debug|Any CPU.Build.0 = Debug|Any CPU
		{13F95464-D53F-433E-B8CC-7BB7E044A9E4}.Release|Any CPU.ActiveCfg = Release|Any CPU
		{13F95464-D53F-433E-B8CC-7BB7E044A9E4}.Release|Any CPU.Build.0 = Release|Any CPU
		{F4A89561-644C-4198-8E76-73047F61D352}.Debug|Any CPU.ActiveCfg = Debug|Any CPU
		{F4A89561-644C-4198-8E76-73047F61D352}.Debug|Any CPU.Build.0 = Debug|Any CPU
		{F4A89561-644C-4198-8E76-73047F61D352}.Release|Any CPU.ActiveCfg = Release|Any CPU
		{F4A89561-644C-4198-8E76-73047F61D352}.Release|Any CPU.Build.0 = Release|Any CPU
	EndGlobalSection
	GlobalSection(SolutionProperties) = preSolution
		HideSolutionNode = FALSE
	EndGlobalSection
	GlobalSection(ExtensibilityGlobals) = postSolution
		SolutionGuid = {29C2484F-D4FB-400F-8435-7C04CCC78453}
	EndGlobalSection
EndGlobal
